
Microsoft Visual Studio Solution File, Format Version 12.00
# Visual Studio Version 17
VisualStudioVersion = 17.0.31903.59
MinimumVisualStudioVersion = 10.0.40219.1
Project("{2150E333-8FDC-42A3-9474-1A3956D46DE8}") = "src", "src", "{827E0CD3-B72D-47B6-A68D-7590B98EB39B}"
EndProject
Project("{FAE04EC0-301F-11D3-BF4B-00C04F79EFBC}") = "Challenge.Domain", "src\Challenge.Domain\Challenge.Domain.csproj", "{0E7A7CD0-5F20-4469-9420-3606ACDCA7EF}"
EndProject
Project("{FAE04EC0-301F-11D3-BF4B-00C04F79EFBC}") = "Challenge.Application", "src\Challenge.Application\Challenge.Application.csproj", "{29B1C905-BC5E-43F3-B676-F2F5AE544603}"
EndProject
Project("{FAE04EC0-301F-11D3-BF4B-00C04F79EFBC}") = "Challenge.Infrastructure", "src\Challenge.Infrastructure\Challenge.Infrastructure.csproj", "{39CBA85D-FD21-4BE1-ACB5-1CA291AD68FF}"
EndProject
Project("{FAE04EC0-301F-11D3-BF4B-00C04F79EFBC}") = "Challenge.Server.Api", "src\Challenge.Server.Api\Challenge.Server.Api.csproj", "{4C643B1C-D58F-40D0-949B-2CB72C44ABC0}"
EndProject
Project("{2150E333-8FDC-42A3-9474-1A3956D46DE8}") = "tests", "tests", "{0AB3BF05-4346-4AA6-1389-037BE0695223}"
EndProject
Project("{FAE04EC0-301F-11D3-BF4B-00C04F79EFBC}") = "Challenge.UnitTests", "tests\Challenge.UnitTests\Challenge.UnitTests.csproj", "{261B22F3-36A6-4189-9413-52D5255853D3}"
EndProject
Project("{FAE04EC0-301F-11D3-BF4B-00C04F79EFBC}") = "Challenge.Architecture.Tests", "tests\Challenge.Architecture.Tests\Challenge.Architecture.Tests.csproj", "{B20F6D2D-4D87-4FBF-8909-6C088380B29E}"
EndProject
Project("{FAE04EC0-301F-11D3-BF4B-00C04F79EFBC}") = "Challenge.IntegrationTests", "tests\Challenge.IntegrationTests\Challenge.IntegrationTests.csproj", "{98BB5FE7-9550-4C76-95B6-F0532728B037}"
EndProject
Global
	GlobalSection(SolutionConfigurationPlatforms) = preSolution
		Debug|Any CPU = Debug|Any CPU
		Debug|x64 = Debug|x64
		Debug|x86 = Debug|x86
		Release|Any CPU = Release|Any CPU
		Release|x64 = Release|x64
		Release|x86 = Release|x86
	EndGlobalSection
	GlobalSection(ProjectConfigurationPlatforms) = postSolution
		{0E7A7CD0-5F20-4469-9420-3606ACDCA7EF}.Debug|Any CPU.ActiveCfg = Debug|Any CPU
		{0E7A7CD0-5F20-4469-9420-3606ACDCA7EF}.Debug|Any CPU.Build.0 = Debug|Any CPU
		{0E7A7CD0-5F20-4469-9420-3606ACDCA7EF}.Debug|x64.ActiveCfg = Debug|Any CPU
		{0E7A7CD0-5F20-4469-9420-3606ACDCA7EF}.Debug|x64.Build.0 = Debug|Any CPU
		{0E7A7CD0-5F20-4469-9420-3606ACDCA7EF}.Debug|x86.ActiveCfg = Debug|Any CPU
		{0E7A7CD0-5F20-4469-9420-3606ACDCA7EF}.Debug|x86.Build.0 = Debug|Any CPU
		{0E7A7CD0-5F20-4469-9420-3606ACDCA7EF}.Release|Any CPU.ActiveCfg = Release|Any CPU
		{0E7A7CD0-5F20-4469-9420-3606ACDCA7EF}.Release|Any CPU.Build.0 = Release|Any CPU
		{0E7A7CD0-5F20-4469-9420-3606ACDCA7EF}.Release|x64.ActiveCfg = Release|Any CPU
		{0E7A7CD0-5F20-4469-9420-3606ACDCA7EF}.Release|x64.Build.0 = Release|Any CPU
		{0E7A7CD0-5F20-4469-9420-3606ACDCA7EF}.Release|x86.ActiveCfg = Release|Any CPU
		{0E7A7CD0-5F20-4469-9420-3606ACDCA7EF}.Release|x86.Build.0 = Release|Any CPU
		{29B1C905-BC5E-43F3-B676-F2F5AE544603}.Debug|Any CPU.ActiveCfg = Debug|Any CPU
		{29B1C905-BC5E-43F3-B676-F2F5AE544603}.Debug|Any CPU.Build.0 = Debug|Any CPU
		{29B1C905-BC5E-43F3-B676-F2F5AE544603}.Debug|x64.ActiveCfg = Debug|Any CPU
		{29B1C905-BC5E-43F3-B676-F2F5AE544603}.Debug|x64.Build.0 = Debug|Any CPU
		{29B1C905-BC5E-43F3-B676-F2F5AE544603}.Debug|x86.ActiveCfg = Debug|Any CPU
		{29B1C905-BC5E-43F3-B676-F2F5AE544603}.Debug|x86.Build.0 = Debug|Any CPU
		{29B1C905-BC5E-43F3-B676-F2F5AE544603}.Release|Any CPU.ActiveCfg = Release|Any CPU
		{29B1C905-BC5E-43F3-B676-F2F5AE544603}.Release|Any CPU.Build.0 = Release|Any CPU
		{29B1C905-BC5E-43F3-B676-F2F5AE544603}.Release|x64.ActiveCfg = Release|Any CPU
		{29B1C905-BC5E-43F3-B676-F2F5AE544603}.Release|x64.Build.0 = Release|Any CPU
		{29B1C905-BC5E-43F3-B676-F2F5AE544603}.Release|x86.ActiveCfg = Release|Any CPU
		{29B1C905-BC5E-43F3-B676-F2F5AE544603}.Release|x86.Build.0 = Release|Any CPU
		{39CBA85D-FD21-4BE1-ACB5-1CA291AD68FF}.Debug|Any CPU.ActiveCfg = Debug|Any CPU
		{39CBA85D-FD21-4BE1-ACB5-1CA291AD68FF}.Debug|Any CPU.Build.0 = Debug|Any CPU
		{39CBA85D-FD21-4BE1-ACB5-1CA291AD68FF}.Debug|x64.ActiveCfg = Debug|Any CPU
		{39CBA85D-FD21-4BE1-ACB5-1CA291AD68FF}.Debug|x64.Build.0 = Debug|Any CPU
		{39CBA85D-FD21-4BE1-ACB5-1CA291AD68FF}.Debug|x86.ActiveCfg = Debug|Any CPU
		{39CBA85D-FD21-4BE1-ACB5-1CA291AD68FF}.Debug|x86.Build.0 = Debug|Any CPU
		{39CBA85D-FD21-4BE1-ACB5-1CA291AD68FF}.Release|Any CPU.ActiveCfg = Release|Any CPU
		{39CBA85D-FD21-4BE1-ACB5-1CA291AD68FF}.Release|Any CPU.Build.0 = Release|Any CPU
		{39CBA85D-FD21-4BE1-ACB5-1CA291AD68FF}.Release|x64.ActiveCfg = Release|Any CPU
		{39CBA85D-FD21-4BE1-ACB5-1CA291AD68FF}.Release|x64.Build.0 = Release|Any CPU
		{39CBA85D-FD21-4BE1-ACB5-1CA291AD68FF}.Release|x86.ActiveCfg = Release|Any CPU
		{39CBA85D-FD21-4BE1-ACB5-1CA291AD68FF}.Release|x86.Build.0 = Release|Any CPU
		{4C643B1C-D58F-40D0-949B-2CB72C44ABC0}.Debug|Any CPU.ActiveCfg = Debug|Any CPU
		{4C643B1C-D58F-40D0-949B-2CB72C44ABC0}.Debug|Any CPU.Build.0 = Debug|Any CPU
		{4C643B1C-D58F-40D0-949B-2CB72C44ABC0}.Debug|x64.ActiveCfg = Debug|Any CPU
		{4C643B1C-D58F-40D0-949B-2CB72C44ABC0}.Debug|x64.Build.0 = Debug|Any CPU
		{4C643B1C-D58F-40D0-949B-2CB72C44ABC0}.Debug|x86.ActiveCfg = Debug|Any CPU
		{4C643B1C-D58F-40D0-949B-2CB72C44ABC0}.Debug|x86.Build.0 = Debug|Any CPU
		{4C643B1C-D58F-40D0-949B-2CB72C44ABC0}.Release|Any CPU.ActiveCfg = Release|Any CPU
		{4C643B1C-D58F-40D0-949B-2CB72C44ABC0}.Release|Any CPU.Build.0 = Release|Any CPU
		{4C643B1C-D58F-40D0-949B-2CB72C44ABC0}.Release|x64.ActiveCfg = Release|Any CPU
		{4C643B1C-D58F-40D0-949B-2CB72C44ABC0}.Release|x64.Build.0 = Release|Any CPU
		{4C643B1C-D58F-40D0-949B-2CB72C44ABC0}.Release|x86.ActiveCfg = Release|Any CPU
		{4C643B1C-D58F-40D0-949B-2CB72C44ABC0}.Release|x86.Build.0 = Release|Any CPU
		{261B22F3-36A6-4189-9413-52D5255853D3}.Debug|Any CPU.ActiveCfg = Debug|Any CPU
		{261B22F3-36A6-4189-9413-52D5255853D3}.Debug|Any CPU.Build.0 = Debug|Any CPU
		{261B22F3-36A6-4189-9413-52D5255853D3}.Debug|x64.ActiveCfg = Debug|Any CPU
		{261B22F3-36A6-4189-9413-52D5255853D3}.Debug|x64.Build.0 = Debug|Any CPU
		{261B22F3-36A6-4189-9413-52D5255853D3}.Debug|x86.ActiveCfg = Debug|Any CPU
		{261B22F3-36A6-4189-9413-52D5255853D3}.Debug|x86.Build.0 = Debug|Any CPU
		{261B22F3-36A6-4189-9413-52D5255853D3}.Release|Any CPU.ActiveCfg = Release|Any CPU
		{261B22F3-36A6-4189-9413-52D5255853D3}.Release|Any CPU.Build.0 = Release|Any CPU
		{261B22F3-36A6-4189-9413-52D5255853D3}.Release|x64.ActiveCfg = Release|Any CPU
		{261B22F3-36A6-4189-9413-52D5255853D3}.Release|x64.Build.0 = Release|Any CPU
		{261B22F3-36A6-4189-9413-52D5255853D3}.Release|x86.ActiveCfg = Release|Any CPU
		{261B22F3-36A6-4189-9413-52D5255853D3}.Release|x86.Build.0 = Release|Any CPU
		{B20F6D2D-4D87-4FBF-8909-6C088380B29E}.Debug|Any CPU.ActiveCfg = Debug|Any CPU
		{B20F6D2D-4D87-4FBF-8909-6C088380B29E}.Debug|Any CPU.Build.0 = Debug|Any CPU
		{B20F6D2D-4D87-4FBF-8909-6C088380B29E}.Debug|x64.ActiveCfg = Debug|Any CPU
		{B20F6D2D-4D87-4FBF-8909-6C088380B29E}.Debug|x64.Build.0 = Debug|Any CPU
		{B20F6D2D-4D87-4FBF-8909-6C088380B29E}.Debug|x86.ActiveCfg = Debug|Any CPU
		{B20F6D2D-4D87-4FBF-8909-6C088380B29E}.Debug|x86.Build.0 = Debug|Any CPU
		{B20F6D2D-4D87-4FBF-8909-6C088380B29E}.Release|Any CPU.ActiveCfg = Release|Any CPU
		{B20F6D2D-4D87-4FBF-8909-6C088380B29E}.Release|Any CPU.Build.0 = Release|Any CPU
		{B20F6D2D-4D87-4FBF-8909-6C088380B29E}.Release|x64.ActiveCfg = Release|Any CPU
		{B20F6D2D-4D87-4FBF-8909-6C088380B29E}.Release|x64.Build.0 = Release|Any CPU
		{B20F6D2D-4D87-4FBF-8909-6C088380B29E}.Release|x86.ActiveCfg = Release|Any CPU
		{B20F6D2D-4D87-4FBF-8909-6C088380B29E}.Release|x86.Build.0 = Release|Any CPU
		{98BB5FE7-9550-4C76-95B6-F0532728B037}.Debug|Any CPU.ActiveCfg = Debug|Any CPU
		{98BB5FE7-9550-4C76-95B6-F0532728B037}.Debug|Any CPU.Build.0 = Debug|Any CPU
		{98BB5FE7-9550-4C76-95B6-F0532728B037}.Debug|x64.ActiveCfg = Debug|Any CPU
		{98BB5FE7-9550-4C76-95B6-F0532728B037}.Debug|x64.Build.0 = Debug|Any CPU
		{98BB5FE7-9550-4C76-95B6-F0532728B037}.Debug|x86.ActiveCfg = Debug|Any CPU
		{98BB5FE7-9550-4C76-95B6-F0532728B037}.Debug|x86.Build.0 = Debug|Any CPU
		{98BB5FE7-9550-4C76-95B6-F0532728B037}.Release|Any CPU.ActiveCfg = Release|Any CPU
		{98BB5FE7-9550-4C76-95B6-F0532728B037}.Release|Any CPU.Build.0 = Release|Any CPU
		{98BB5FE7-9550-4C76-95B6-F0532728B037}.Release|x64.ActiveCfg = Release|Any CPU
		{98BB5FE7-9550-4C76-95B6-F0532728B037}.Release|x64.Build.0 = Release|Any CPU
		{98BB5FE7-9550-4C76-95B6-F0532728B037}.Release|x86.ActiveCfg = Release|Any CPU
		{98BB5FE7-9550-4C76-95B6-F0532728B037}.Release|x86.Build.0 = Release|Any CPU
	EndGlobalSection
	GlobalSection(SolutionProperties) = preSolution
		HideSolutionNode = FALSE
	EndGlobalSection
	GlobalSection(NestedProjects) = preSolution
		{0E7A7CD0-5F20-4469-9420-3606ACDCA7EF} = {827E0CD3-B72D-47B6-A68D-7590B98EB39B}
		{29B1C905-BC5E-43F3-B676-F2F5AE544603} = {827E0CD3-B72D-47B6-A68D-7590B98EB39B}
		{39CBA85D-FD21-4BE1-ACB5-1CA291AD68FF} = {827E0CD3-B72D-47B6-A68D-7590B98EB39B}
		{4C643B1C-D58F-40D0-949B-2CB72C44ABC0} = {827E0CD3-B72D-47B6-A68D-7590B98EB39B}
		{261B22F3-36A6-4189-9413-52D5255853D3} = {0AB3BF05-4346-4AA6-1389-037BE0695223}
		{B20F6D2D-4D87-4FBF-8909-6C088380B29E} = {0AB3BF05-4346-4AA6-1389-037BE0695223}
		{98BB5FE7-9550-4C76-95B6-F0532728B037} = {0AB3BF05-4346-4AA6-1389-037BE0695223}
	EndGlobalSection
EndGlobal
